// !$*UTF8*$!
{
	archiveVersion = 1;
	classes = {
	};
	objectVersion = 50;
	objects = {

/* Begin PBXBuildFile section */
		31F816BF2701EC4B0056DBD6 /* AppDelegate.swift in Sources */ = {isa = PBXBuildFile; fileRef = 31F816BE2701EC4B0056DBD6 /* AppDelegate.swift */; };
		31F816C12701EC4B0056DBD6 /* SceneDelegate.swift in Sources */ = {isa = PBXBuildFile; fileRef = 31F816C02701EC4B0056DBD6 /* SceneDelegate.swift */; };
		31F816C32701EC4B0056DBD6 /* ViewController.swift in Sources */ = {isa = PBXBuildFile; fileRef = 31F816C22701EC4B0056DBD6 /* ViewController.swift */; };
		31F816C62701EC4B0056DBD6 /* Main.storyboard in Resources */ = {isa = PBXBuildFile; fileRef = 31F816C42701EC4B0056DBD6 /* Main.storyboard */; };
		31F816C82701EC4C0056DBD6 /* Assets.xcassets in Resources */ = {isa = PBXBuildFile; fileRef = 31F816C72701EC4C0056DBD6 /* Assets.xcassets */; };
		31F816CB2701EC4C0056DBD6 /* LaunchScreen.storyboard in Resources */ = {isa = PBXBuildFile; fileRef = 31F816C92701EC4C0056DBD6 /* LaunchScreen.storyboard */; };
/* End PBXBuildFile section */

/* Begin PBXFileReference section */
		31F816BB2701EC4B0056DBD6 /* ColorGame.app */ = {isa = PBXFileReference; explicitFileType = wrapper.application; includeInIndex = 0; path = ColorGame.app; sourceTree = BUILT_PRODUCTS_DIR; };
		31F816BE2701EC4B0056DBD6 /* AppDelegate.swift */ = {isa = PBXFileReference; lastKnownFileType = sourcecode.swift; path = AppDelegate.swift; sourceTree = "<group>"; };
		31F816C02701EC4B0056DBD6 /* SceneDelegate.swift */ = {isa = PBXFileReference; lastKnownFileType = sourcecode.swift; path = SceneDelegate.swift; sourceTree = "<group>"; };
		31F816C22701EC4B0056DBD6 /* ViewController.swift */ = {isa = PBXFileReference; lastKnownFileType = sourcecode.swift; path = ViewController.swift; sourceTree = "<group>"; };
		31F816C52701EC4B0056DBD6 /* Base */ = {isa = PBXFileReference; lastKnownFileType = file.storyboard; name = Base; path = Base.lproj/Main.storyboard; sourceTree = "<group>"; };
		31F816C72701EC4C0056DBD6 /* Assets.xcassets */ = {isa = PBXFileReference; lastKnownFileType = folder.assetcatalog; path = Assets.xcassets; sourceTree = "<group>"; };
		31F816CA2701EC4C0056DBD6 /* Base */ = {isa = PBXFileReference; lastKnownFileType = file.storyboard; name = Base; path = Base.lproj/LaunchScreen.storyboard; sourceTree = "<group>"; };
		31F816CC2701EC4C0056DBD6 /* Info.plist */ = {isa = PBXFileReference; lastKnownFileType = text.plist.xml; path = Info.plist; sourceTree = "<group>"; };
/* End PBXFileReference section */

/* Begin PBXFrameworksBuildPhase section */
		31F816B82701EC4B0056DBD6 /* Frameworks */ = {
			isa = PBXFrameworksBuildPhase;
			buildActionMask = 2147483647;
			files = (
			);
			runOnlyForDeploymentPostprocessing = 0;
		};
/* End PBXFrameworksBuildPhase section */

/* Begin PBXGroup section */
		31F816B22701EC4B0056DBD6 = {
			isa = PBXGroup;
			children = (
				31F816BD2701EC4B0056DBD6 /* ColorGame */,
				31F816BC2701EC4B0056DBD6 /* Products */,
			);
			sourceTree = "<group>";
		};
		31F816BC2701EC4B0056DBD6 /* Products */ = {
			isa = PBXGroup;
			children = (
				31F816BB2701EC4B0056DBD6 /* ColorGame.app */,
			);
			name = Products;
			sourceTree = "<group>";
		};
		31F816BD2701EC4B0056DBD6 /* ColorGame */ = {
			isa = PBXGroup;
			children = (
				31F816BE2701EC4B0056DBD6 /* AppDelegate.swift */,
				31F816C02701EC4B0056DBD6 /* SceneDelegate.swift */,
				31F816C22701EC4B0056DBD6 /* ViewController.swift */,
				31F816C42701EC4B0056DBD6 /* Main.storyboard */,
				31F816C72701EC4C0056DBD6 /* Assets.xcassets */,
				31F816C92701EC4C0056DBD6 /* LaunchScreen.storyboard */,
				31F816CC2701EC4C0056DBD6 /* Info.plist */,
			);
			path = ColorGame;
			sourceTree = "<group>";
		};
/* End PBXGroup section */

/* Begin PBXNativeTarget section */
		31F816BA2701EC4B0056DBD6 /* ColorGame */ = {
			isa = PBXNativeTarget;
			buildConfigurationList = 31F816CF2701EC4C0056DBD6 /* Build configuration list for PBXNativeTarget "ColorGame" */;
			buildPhases = (
				31F816B72701EC4B0056DBD6 /* Sources */,
				31F816B82701EC4B0056DBD6 /* Frameworks */,
				31F816B92701EC4B0056DBD6 /* Resources */,
			);
			buildRules = (
			);
			dependencies = (
			);
			name = ColorGame;
			productName = ColorGame;
			productReference = 31F816BB2701EC4B0056DBD6 /* ColorGame.app */;
			productType = "com.apple.product-type.application";
		};
/* End PBXNativeTarget section */

/* Begin PBXProject section */
		31F816B32701EC4B0056DBD6 /* Project object */ = {
			isa = PBXProject;
			attributes = {
				LastSwiftUpdateCheck = 1250;
				LastUpgradeCheck = 1250;
				TargetAttributes = {
					31F816BA2701EC4B0056DBD6 = {
						CreatedOnToolsVersion = 12.5.1;
					};
				};
			};
			buildConfigurationList = 31F816B62701EC4B0056DBD6 /* Build configuration list for PBXProject "ColorGame" */;
			compatibilityVersion = "Xcode 9.3";
			developmentRegion = en;
			hasScannedForEncodings = 0;
			knownRegions = (
				en,
				Base,
			);
			mainGroup = 31F816B22701EC4B0056DBD6;
			productRefGroup = 31F816BC2701EC4B0056DBD6 /* Products */;
			projectDirPath = "";
			projectRoot = "";
			targets = (
				31F816BA2701EC4B0056DBD6 /* ColorGame */,
			);
		};
/* End PBXProject section */

/* Begin PBXResourcesBuildPhase section */
		31F816B92701EC4B0056DBD6 /* Resources */ = {
			isa = PBXResourcesBuildPhase;
			buildActionMask = 2147483647;
			files = (
				31F816CB2701EC4C0056DBD6 /* LaunchScreen.storyboard in Resources */,
				31F816C82701EC4C0056DBD6 /* Assets.xcassets in Resources */,
				31F816C62701EC4B0056DBD6 /* Main.storyboard in Resources */,
			);
			runOnlyForDeploymentPostprocessing = 0;
		};
/* End PBXResourcesBuildPhase section */

/* Begin PBXSourcesBuildPhase section */
		31F816B72701EC4B0056DBD6 /* Sources */ = {
			isa = PBXSourcesBuildPhase;
			buildActionMask = 2147483647;
			files = (
				31F816C32701EC4B0056DBD6 /* ViewController.swift in Sources */,
				31F816BF2701EC4B0056DBD6 /* AppDelegate.swift in Sources */,
				31F816C12701EC4B0056DBD6 /* SceneDelegate.swift in Sources */,
			);
			runOnlyForDeploymentPostprocessing = 0;
		};
/* End PBXSourcesBuildPhase section */

/* Begin PBXVariantGroup section */
		31F816C42701EC4B0056DBD6 /* Main.storyboard */ = {
			isa = PBXVariantGroup;
			children = (
				31F816C52701EC4B0056DBD6 /* Base */,
			);
			name = Main.storyboard;
			sourceTree = "<group>";
		};
		31F816C92701EC4C0056DBD6 /* LaunchScreen.storyboard */ = {
			isa = PBXVariantGroup;
			children = (
				31F816CA2701EC4C0056DBD6 /* Base */,
			);
			name = LaunchScreen.storyboard;
			sourceTree = "<group>";
		};
/* End PBXVariantGroup section */

/* Begin XCBuildConfiguration section */
		31F816CD2701EC4C0056DBD6 /* Debug */ = {
			isa = XCBuildConfiguration;
			buildSettings = {
				ALWAYS_SEARCH_USER_PATHS = NO;
				CLANG_ANALYZER_NONNULL = YES;
				CLANG_ANALYZER_NUMBER_OBJECT_CONVERSION = YES_AGGRESSIVE;
				CLANG_CXX_LANGUAGE_STANDARD = "gnu++14";
				CLANG_CXX_LIBRARY = "libc++";
				CLANG_ENABLE_MODULES = YES;
				CLANG_ENABLE_OBJC_ARC = YES;
				CLANG_ENABLE_OBJC_WEAK = YES;
				CLANG_WARN_BLOCK_CAPTURE_AUTORELEASING = YES;
				CLANG_WARN_BOOL_CONVERSION = YES;
				CLANG_WARN_COMMA = YES;
				CLANG_WARN_CONSTANT_CONVERSION = YES;
				CLANG_WARN_DEPRECATED_OBJC_IMPLEMENTATIONS = YES;
				CLANG_WARN_DIRECT_OBJC_ISA_USAGE = YES_ERROR;
				CLANG_WARN_DOCUMENTATION_COMMENTS = YES;
				CLANG_WARN_EMPTY_BODY = YES;
				CLANG_WARN_ENUM_CONVERSION = YES;
				CLANG_WARN_INFINITE_RECURSION = YES;
				CLANG_WARN_INT_CONVERSION = YES;
				CLANG_WARN_NON_LITERAL_NULL_CONVERSION = YES;
				CLANG_WARN_OBJC_IMPLICIT_RETAIN_SELF = YES;
				CLANG_WARN_OBJC_LITERAL_CONVERSION = YES;
				CLANG_WARN_OBJC_ROOT_CLASS = YES_ERROR;
				CLANG_WARN_QUOTED_INCLUDE_IN_FRAMEWORK_HEADER = YES;
				CLANG_WARN_RANGE_LOOP_ANALYSIS = YES;
				CLANG_WARN_STRICT_PROTOTYPES = YES;
				CLANG_WARN_SUSPICIOUS_MOVE = YES;
				CLANG_WARN_UNGUARDED_AVAILABILITY = YES_AGGRESSIVE;
				CLANG_WARN_UNREACHABLE_CODE = YES;
				CLANG_WARN__DUPLICATE_METHOD_MATCH = YES;
				COPY_PHASE_STRIP = NO;
				DEBUG_INFORMATION_FORMAT = dwarf;
				ENABLE_STRICT_OBJC_MSGSEND = YES;
				ENABLE_TESTABILITY = YES;
				GCC_C_LANGUAGE_STANDARD = gnu11;
				GCC_DYNAMIC_NO_PIC = NO;
				GCC_NO_COMMON_BLOCKS = YES;
				GCC_OPTIMIZATION_LEVEL = 0;
				GCC_PREPROCESSOR_DEFINITIONS = (
					"DEBUG=1",
					"$(inherited)",
				);
				GCC_WARN_64_TO_32_BIT_CONVERSION = YES;
				GCC_WARN_ABOUT_RETURN_TYPE = YES_ERROR;
				GCC_WARN_UNDECLARED_SELECTOR = YES;
				GCC_WARN_UNINITIALIZED_AUTOS = YES_AGGRESSIVE;
				GCC_WARN_UNUSED_FUNCTION = YES;
				GCC_WARN_UNUSED_VARIABLE = YES;
				IPHONEOS_DEPLOYMENT_TARGET = 14.5;
				MTL_ENABLE_DEBUG_INFO = INCLUDE_SOURCE;
				MTL_FAST_MATH = YES;
				ONLY_ACTIVE_ARCH = YES;
				SDKROOT = iphoneos;
				SWIFT_ACTIVE_COMPILATION_CONDITIONS = DEBUG;
				SWIFT_OPTIMIZATION_LEVEL = "-Onone";
			};
			name = Debug;
		};
		31F816CE2701EC4C0056DBD6 /* Release */ = {
			isa = XCBuildConfiguration;
			buildSettings = {
				ALWAYS_SEARCH_USER_PATHS = NO;
				CLANG_ANALYZER_NONNULL = YES;
				CLANG_ANALYZER_NUMBER_OBJECT_CONVERSION = YES_AGGRESSIVE;
				CLANG_CXX_LANGUAGE_STANDARD = "gnu++14";
				CLANG_CXX_LIBRARY = "libc++";
				CLANG_ENABLE_MODULES = YES;
				CLANG_ENABLE_OBJC_ARC = YES;
				CLANG_ENABLE_OBJC_WEAK = YES;
				CLANG_WARN_BLOCK_CAPTURE_AUTORELEASING = YES;
				CLANG_WARN_BOOL_CONVERSION = YES;
				CLANG_WARN_COMMA = YES;
				CLANG_WARN_CONSTANT_CONVERSION = YES;
				CLANG_WARN_DEPRECATED_OBJC_IMPLEMENTATIONS = YES;
				CLANG_WARN_DIRECT_OBJC_ISA_USAGE = YES_ERROR;
				CLANG_WARN_DOCUMENTATION_COMMENTS = YES;
				CLANG_WARN_EMPTY_BODY = YES;
				CLANG_WARN_ENUM_CONVERSION = YES;
				CLANG_WARN_INFINITE_RECURSION = YES;
				CLANG_WARN_INT_CONVERSION = YES;
				CLANG_WARN_NON_LITERAL_NULL_CONVERSION = YES;
				CLANG_WARN_OBJC_IMPLICIT_RETAIN_SELF = YES;
				CLANG_WARN_OBJC_LITERAL_CONVERSION = YES;
				CLANG_WARN_OBJC_ROOT_CLASS = YES_ERROR;
				CLANG_WARN_QUOTED_INCLUDE_IN_FRAMEWORK_HEADER = YES;
				CLANG_WARN_RANGE_LOOP_ANALYSIS = YES;
				CLANG_WARN_STRICT_PROTOTYPES = YES;
				CLANG_WARN_SUSPICIOUS_MOVE = YES;
				CLANG_WARN_UNGUARDED_AVAILABILITY = YES_AGGRESSIVE;
				CLANG_WARN_UNREACHABLE_CODE = YES;
				CLANG_WARN__DUPLICATE_METHOD_MATCH = YES;
				COPY_PHASE_STRIP = NO;
				DEBUG_INFORMATION_FORMAT = "dwarf-with-dsym";
				ENABLE_NS_ASSERTIONS = NO;
				ENABLE_STRICT_OBJC_MSGSEND = YES;
				GCC_C_LANGUAGE_STANDARD = gnu11;
				GCC_NO_COMMON_BLOCKS = YES;
				GCC_WARN_64_TO_32_BIT_CONVERSION = YES;
				GCC_WARN_ABOUT_RETURN_TYPE = YES_ERROR;
				GCC_WARN_UNDECLARED_SELECTOR = YES;
				GCC_WARN_UNINITIALIZED_AUTOS = YES_AGGRESSIVE;
				GCC_WARN_UNUSED_FUNCTION = YES;
				GCC_WARN_UNUSED_VARIABLE = YES;
				IPHONEOS_DEPLOYMENT_TARGET = 14.5;
				MTL_ENABLE_DEBUG_INFO = NO;
				MTL_FAST_MATH = YES;
				SDKROOT = iphoneos;
				SWIFT_COMPILATION_MODE = wholemodule;
				SWIFT_OPTIMIZATION_LEVEL = "-O";
				VALIDATE_PRODUCT = YES;
			};
			name = Release;
		};
		31F816D02701EC4C0056DBD6 /* Debug */ = {
			isa = XCBuildConfiguration;
			buildSettings = {
				ASSETCATALOG_COMPILER_APPICON_NAME = AppIcon;
				ASSETCATALOG_COMPILER_GLOBAL_ACCENT_COLOR_NAME = AccentColor;
				CODE_SIGN_STYLE = Automatic;
				DEVELOPMENT_TEAM = 6MKX9HHF63;
				INFOPLIST_FILE = ColorGame/Info.plist;
				LD_RUNPATH_SEARCH_PATHS = (
					"$(inherited)",
					"@executable_path/Frameworks",
				);
				PRODUCT_BUNDLE_IDENTIFIER = com.quintonWehby.ColorGame;
				PRODUCT_NAME = "$(TARGET_NAME)";
				SWIFT_VERSION = 5.0;
				TARGETED_DEVICE_FAMILY = "1,2";
			};
			name = Debug;
		};
		31F816D12701EC4C0056DBD6 /* Release */ = {
			isa = XCBuildConfiguration;
			buildSettings = {
				ASSETCATALOG_COMPILER_APPICON_NAME = AppIcon;
				ASSETCATALOG_COMPILER_GLOBAL_ACCENT_COLOR_NAME = AccentColor;
				CODE_SIGN_STYLE = Automatic;
				DEVELOPMENT_TEAM = 6MKX9HHF63;
				INFOPLIST_FILE = ColorGame/Info.plist;
				LD_RUNPATH_SEARCH_PATHS = (
					"$(inherited)",
					"@executable_path/Frameworks",
				);
				PRODUCT_BUNDLE_IDENTIFIER = com.quintonWehby.ColorGame;
				PRODUCT_NAME = "$(TARGET_NAME)";
				SWIFT_VERSION = 5.0;
				TARGETED_DEVICE_FAMILY = "1,2";
			};
			name = Release;
		};
/* End XCBuildConfiguration section */

/* Begin XCConfigurationList section */
		31F816B62701EC4B0056DBD6 /* Build configuration list for PBXProject "ColorGame" */ = {
			isa = XCConfigurationList;
			buildConfigurations = (
				31F816CD2701EC4C0056DBD6 /* Debug */,
				31F816CE2701EC4C0056DBD6 /* Release */,
			);
			defaultConfigurationIsVisible = 0;
			defaultConfigurationName = Release;
		};
		31F816CF2701EC4C0056DBD6 /* Build configuration list for PBXNativeTarget "ColorGame" */ = {
			isa = XCConfigurationList;
			buildConfigurations = (
				31F816D02701EC4C0056DBD6 /* Debug */,
				31F816D12701EC4C0056DBD6 /* Release */,
			);
			defaultConfigurationIsVisible = 0;
			defaultConfigurationName = Release;
		};
/* End XCConfigurationList section */
	};
	rootObject = 31F816B32701EC4B0056DBD6 /* Project object */;
}
